
Microsoft Visual Studio Solution File, Format Version 12.00
# Visual Studio Version 17
VisualStudioVersion = 17.5.33516.290
MinimumVisualStudioVersion = 10.0.40219.1
Project("{FAE04EC0-301F-11D3-BF4B-00C04F79EFBC}") = "IO Handling", "Problem 1\IO Handling.csproj", "{0D5F718D-9DD4-4CC9-BC10-767EB2C55000}"
EndProject
Global
	GlobalSection(SolutionConfigurationPlatforms) = preSolution
		Debug|Any CPU = Debug|Any CPU
		Release|Any CPU = Release|Any CPU
	EndGlobalSection
	GlobalSection(ProjectConfigurationPlatforms) = postSolution
		{0D5F718D-9DD4-4CC9-BC10-767EB2C55000}.Debug|Any CPU.ActiveCfg = Debug|Any CPU
		{0D5F718D-9DD4-4CC9-BC10-767EB2C55000}.Debug|Any CPU.Build.0 = Debug|Any CPU
		{0D5F718D-9DD4-4CC9-BC10-767EB2C55000}.Release|Any CPU.ActiveCfg = Release|Any CPU
		{0D5F718D-9DD4-4CC9-BC10-767EB2C55000}.Release|Any CPU.Build.0 = Release|Any CPU
	EndGlobalSection
	GlobalSection(SolutionProperties) = preSolution
		HideSolutionNode = FALSE
	EndGlobalSection
	GlobalSection(ExtensibilityGlobals) = postSolution
		SolutionGuid = {DEBEEC94-4EEF-47D0-9C1E-286311A8654B}
	EndGlobalSection
EndGlobal
