
Microsoft Visual Studio Solution File, Format Version 12.00
# Visual Studio Version 17
VisualStudioVersion = 17.5.33516.290
MinimumVisualStudioVersion = 10.0.40219.1
Project("{9A19103F-16F7-4668-BE54-9A1E7A4F7556}") = "Stage One - Starting Off Slowly", "Stage One - Starting Off Slowly\Stage One - Starting Off Slowly.csproj", "{72D863F9-0481-4BC9-9643-57021CB18152}"
EndProject
Project("{FAE04EC0-301F-11D3-BF4B-00C04F79EFBC}") = "test", "test\test.csproj", "{DB0DF818-3914-4113-98DF-DF08E50D1778}"
EndProject
Global
	GlobalSection(SolutionConfigurationPlatforms) = preSolution
		Debug|Any CPU = Debug|Any CPU
		Release|Any CPU = Release|Any CPU
	EndGlobalSection
	GlobalSection(ProjectConfigurationPlatforms) = postSolution
		{72D863F9-0481-4BC9-9643-57021CB18152}.Debug|Any CPU.ActiveCfg = Debug|Any CPU
		{72D863F9-0481-4BC9-9643-57021CB18152}.Debug|Any CPU.Build.0 = Debug|Any CPU
		{72D863F9-0481-4BC9-9643-57021CB18152}.Release|Any CPU.ActiveCfg = Release|Any CPU
		{72D863F9-0481-4BC9-9643-57021CB18152}.Release|Any CPU.Build.0 = Release|Any CPU
		{DB0DF818-3914-4113-98DF-DF08E50D1778}.Debug|Any CPU.ActiveCfg = Debug|Any CPU
		{DB0DF818-3914-4113-98DF-DF08E50D1778}.Debug|Any CPU.Build.0 = Debug|Any CPU
		{DB0DF818-3914-4113-98DF-DF08E50D1778}.Release|Any CPU.ActiveCfg = Release|Any CPU
		{DB0DF818-3914-4113-98DF-DF08E50D1778}.Release|Any CPU.Build.0 = Release|Any CPU
	EndGlobalSection
	GlobalSection(SolutionProperties) = preSolution
		HideSolutionNode = FALSE
	EndGlobalSection
	GlobalSection(ExtensibilityGlobals) = postSolution
		SolutionGuid = {DBCD6785-3696-4AB3-A471-EA90C45DC21C}
	EndGlobalSection
EndGlobal
